// !$*UTF8*$!
{
	archiveVersion = 1;
	classes = {
	};
	objectVersion = 50;
	objects = {

/* Begin PBXBuildFile section */
		469F0BF8FA9B3D10B72E562D /* Pods_SpiderGroupTestTask.framework in Frameworks */ = {isa = PBXBuildFile; fileRef = 07EE0D74B6FBE95F7CF71C60 /* Pods_SpiderGroupTestTask.framework */; };
		946153592243C87F0080B0B7 /* Configuration.swift in Sources */ = {isa = PBXBuildFile; fileRef = 946153582243C87F0080B0B7 /* Configuration.swift */; };
		946153602243D5800080B0B7 /* ErrorParser.swift in Sources */ = {isa = PBXBuildFile; fileRef = 9461535C2243D5800080B0B7 /* ErrorParser.swift */; };
		946153612243D5800080B0B7 /* NetworkService.swift in Sources */ = {isa = PBXBuildFile; fileRef = 9461535D2243D5800080B0B7 /* NetworkService.swift */; };
		946153622243D5800080B0B7 /* NetworkServiceImpl.swift in Sources */ = {isa = PBXBuildFile; fileRef = 9461535E2243D5800080B0B7 /* NetworkServiceImpl.swift */; };
		946153632243D5800080B0B7 /* RequestRouter.swift in Sources */ = {isa = PBXBuildFile; fileRef = 9461535F2243D5800080B0B7 /* RequestRouter.swift */; };
		946153682243D5E00080B0B7 /* NetworkError.swift in Sources */ = {isa = PBXBuildFile; fileRef = 946153672243D5E00080B0B7 /* NetworkError.swift */; };
		9461536A2243D9180080B0B7 /* ErrorParserImpl.swift in Sources */ = {isa = PBXBuildFile; fileRef = 946153692243D9180080B0B7 /* ErrorParserImpl.swift */; };
		946153722243DE340080B0B7 /* NetworkServiceFactory.swift in Sources */ = {isa = PBXBuildFile; fileRef = 9461536E2243DE340080B0B7 /* NetworkServiceFactory.swift */; };
		946153792243E8CF0080B0B7 /* GalleryRequest.swift in Sources */ = {isa = PBXBuildFile; fileRef = 946153782243E8CF0080B0B7 /* GalleryRequest.swift */; };
		9461537B2243E9EF0080B0B7 /* RequestRouterEncoding.swift in Sources */ = {isa = PBXBuildFile; fileRef = 9461537A2243E9EF0080B0B7 /* RequestRouterEncoding.swift */; };
		9461537D2243F9CF0080B0B7 /* GalleryResponse.swift in Sources */ = {isa = PBXBuildFile; fileRef = 9461537C2243F9CF0080B0B7 /* GalleryResponse.swift */; };
		9461537F2243FADA0080B0B7 /* Image.swift in Sources */ = {isa = PBXBuildFile; fileRef = 9461537E2243FADA0080B0B7 /* Image.swift */; };
		946153812245031C0080B0B7 /* GallerysItem.swift in Sources */ = {isa = PBXBuildFile; fileRef = 946153802245031C0080B0B7 /* GallerysItem.swift */; };
		94615384224509990080B0B7 /* GalleryService.swift in Sources */ = {isa = PBXBuildFile; fileRef = 94615383224509990080B0B7 /* GalleryService.swift */; };
		94AA61732242855F007C5599 /* AppDelegate.swift in Sources */ = {isa = PBXBuildFile; fileRef = 94AA61722242855F007C5599 /* AppDelegate.swift */; };
		94AA617A22428561007C5599 /* Assets.xcassets in Resources */ = {isa = PBXBuildFile; fileRef = 94AA617922428561007C5599 /* Assets.xcassets */; };
		94AA617D22428561007C5599 /* LaunchScreen.storyboard in Resources */ = {isa = PBXBuildFile; fileRef = 94AA617B22428561007C5599 /* LaunchScreen.storyboard */; };
		94ACCDEE2245F59F00737863 /* GalleryViewController.swift in Sources */ = {isa = PBXBuildFile; fileRef = 94ACCDED2245F59F00737863 /* GalleryViewController.swift */; };
		94ACCDF02245F65700737863 /* GalleryCollectionView.swift in Sources */ = {isa = PBXBuildFile; fileRef = 94ACCDEF2245F65700737863 /* GalleryCollectionView.swift */; };
		94ACCDF22245FC2800737863 /* GalleryCollectionViewCell.swift in Sources */ = {isa = PBXBuildFile; fileRef = 94ACCDF12245FC2800737863 /* GalleryCollectionViewCell.swift */; };
		94ACCDF52246009600737863 /* GalleryViewControllerFactory.swift in Sources */ = {isa = PBXBuildFile; fileRef = 94ACCDF42246009600737863 /* GalleryViewControllerFactory.swift */; };
		94ACCDFB2246131400737863 /* Page.swift in Sources */ = {isa = PBXBuildFile; fileRef = 94ACCDFA2246131400737863 /* Page.swift */; };
		94ACCDFD2246589900737863 /* GalleryCollectionViewCell.xib in Resources */ = {isa = PBXBuildFile; fileRef = 94ACCDFC2246589900737863 /* GalleryCollectionViewCell.xib */; };
		94F685FE2242AD3000D210AB /* Default-568h@2x.png in Resources */ = {isa = PBXBuildFile; fileRef = 94F685FD2242AD3000D210AB /* Default-568h@2x.png */; };
/* End PBXBuildFile section */

/* Begin PBXFileReference section */
		07EE0D74B6FBE95F7CF71C60 /* Pods_SpiderGroupTestTask.framework */ = {isa = PBXFileReference; explicitFileType = wrapper.framework; includeInIndex = 0; path = Pods_SpiderGroupTestTask.framework; sourceTree = BUILT_PRODUCTS_DIR; };
		1061280AEC78F79D0232A54C /* Pods-SpiderGroupTestTask.release.xcconfig */ = {isa = PBXFileReference; includeInIndex = 1; lastKnownFileType = text.xcconfig; name = "Pods-SpiderGroupTestTask.release.xcconfig"; path = "Pods/Target Support Files/Pods-SpiderGroupTestTask/Pods-SpiderGroupTestTask.release.xcconfig"; sourceTree = "<group>"; };
		946153582243C87F0080B0B7 /* Configuration.swift */ = {isa = PBXFileReference; lastKnownFileType = sourcecode.swift; path = Configuration.swift; sourceTree = "<group>"; };
		9461535C2243D5800080B0B7 /* ErrorParser.swift */ = {isa = PBXFileReference; fileEncoding = 4; lastKnownFileType = sourcecode.swift; path = ErrorParser.swift; sourceTree = "<group>"; };
		9461535D2243D5800080B0B7 /* NetworkService.swift */ = {isa = PBXFileReference; fileEncoding = 4; lastKnownFileType = sourcecode.swift; path = NetworkService.swift; sourceTree = "<group>"; };
		9461535E2243D5800080B0B7 /* NetworkServiceImpl.swift */ = {isa = PBXFileReference; fileEncoding = 4; lastKnownFileType = sourcecode.swift; path = NetworkServiceImpl.swift; sourceTree = "<group>"; };
		9461535F2243D5800080B0B7 /* RequestRouter.swift */ = {isa = PBXFileReference; fileEncoding = 4; lastKnownFileType = sourcecode.swift; path = RequestRouter.swift; sourceTree = "<group>"; };
		946153672243D5E00080B0B7 /* NetworkError.swift */ = {isa = PBXFileReference; fileEncoding = 4; lastKnownFileType = sourcecode.swift; path = NetworkError.swift; sourceTree = "<group>"; };
		946153692243D9180080B0B7 /* ErrorParserImpl.swift */ = {isa = PBXFileReference; lastKnownFileType = sourcecode.swift; path = ErrorParserImpl.swift; sourceTree = "<group>"; };
		9461536E2243DE340080B0B7 /* NetworkServiceFactory.swift */ = {isa = PBXFileReference; fileEncoding = 4; lastKnownFileType = sourcecode.swift; path = NetworkServiceFactory.swift; sourceTree = "<group>"; };
		946153782243E8CF0080B0B7 /* GalleryRequest.swift */ = {isa = PBXFileReference; lastKnownFileType = sourcecode.swift; path = GalleryRequest.swift; sourceTree = "<group>"; };
		9461537A2243E9EF0080B0B7 /* RequestRouterEncoding.swift */ = {isa = PBXFileReference; lastKnownFileType = sourcecode.swift; path = RequestRouterEncoding.swift; sourceTree = "<group>"; };
		9461537C2243F9CF0080B0B7 /* GalleryResponse.swift */ = {isa = PBXFileReference; lastKnownFileType = sourcecode.swift; path = GalleryResponse.swift; sourceTree = "<group>"; };
		9461537E2243FADA0080B0B7 /* Image.swift */ = {isa = PBXFileReference; lastKnownFileType = sourcecode.swift; path = Image.swift; sourceTree = "<group>"; };
		946153802245031C0080B0B7 /* GallerysItem.swift */ = {isa = PBXFileReference; lastKnownFileType = sourcecode.swift; path = GallerysItem.swift; sourceTree = "<group>"; };
		94615383224509990080B0B7 /* GalleryService.swift */ = {isa = PBXFileReference; lastKnownFileType = sourcecode.swift; path = GalleryService.swift; sourceTree = "<group>"; };
		94AA616F2242855F007C5599 /* SpiderGroupTestTask.app */ = {isa = PBXFileReference; explicitFileType = wrapper.application; includeInIndex = 0; path = SpiderGroupTestTask.app; sourceTree = BUILT_PRODUCTS_DIR; };
		94AA61722242855F007C5599 /* AppDelegate.swift */ = {isa = PBXFileReference; lastKnownFileType = sourcecode.swift; path = AppDelegate.swift; sourceTree = "<group>"; };
		94AA617922428561007C5599 /* Assets.xcassets */ = {isa = PBXFileReference; lastKnownFileType = folder.assetcatalog; path = Assets.xcassets; sourceTree = "<group>"; };
		94AA617E22428561007C5599 /* Info.plist */ = {isa = PBXFileReference; lastKnownFileType = text.plist.xml; path = Info.plist; sourceTree = "<group>"; };
		94ACCDED2245F59F00737863 /* GalleryViewController.swift */ = {isa = PBXFileReference; lastKnownFileType = sourcecode.swift; path = GalleryViewController.swift; sourceTree = "<group>"; };
		94ACCDEF2245F65700737863 /* GalleryCollectionView.swift */ = {isa = PBXFileReference; lastKnownFileType = sourcecode.swift; path = GalleryCollectionView.swift; sourceTree = "<group>"; };
		94ACCDF12245FC2800737863 /* GalleryCollectionViewCell.swift */ = {isa = PBXFileReference; lastKnownFileType = sourcecode.swift; path = GalleryCollectionViewCell.swift; sourceTree = "<group>"; };
		94ACCDF42246009600737863 /* GalleryViewControllerFactory.swift */ = {isa = PBXFileReference; lastKnownFileType = sourcecode.swift; path = GalleryViewControllerFactory.swift; sourceTree = "<group>"; };
		94ACCDF82246105400737863 /* Base */ = {isa = PBXFileReference; lastKnownFileType = file.storyboard; name = Base; path = Base.lproj/LaunchScreen.storyboard; sourceTree = "<group>"; };
		94ACCDFA2246131400737863 /* Page.swift */ = {isa = PBXFileReference; lastKnownFileType = sourcecode.swift; path = Page.swift; sourceTree = "<group>"; };
		94ACCDFC2246589900737863 /* GalleryCollectionViewCell.xib */ = {isa = PBXFileReference; lastKnownFileType = file.xib; path = GalleryCollectionViewCell.xib; sourceTree = "<group>"; };
		94F685FD2242AD3000D210AB /* Default-568h@2x.png */ = {isa = PBXFileReference; lastKnownFileType = image.png; path = "Default-568h@2x.png"; sourceTree = "<group>"; };
		CC653F7E63B1AFAFA17AB41C /* Pods-SpiderGroupTestTask.debug.xcconfig */ = {isa = PBXFileReference; includeInIndex = 1; lastKnownFileType = text.xcconfig; name = "Pods-SpiderGroupTestTask.debug.xcconfig"; path = "Pods/Target Support Files/Pods-SpiderGroupTestTask/Pods-SpiderGroupTestTask.debug.xcconfig"; sourceTree = "<group>"; };
/* End PBXFileReference section */

/* Begin PBXFrameworksBuildPhase section */
		94AA616C2242855F007C5599 /* Frameworks */ = {
			isa = PBXFrameworksBuildPhase;
			buildActionMask = 2147483647;
			files = (
				469F0BF8FA9B3D10B72E562D /* Pods_SpiderGroupTestTask.framework in Frameworks */,
			);
			runOnlyForDeploymentPostprocessing = 0;
		};
/* End PBXFrameworksBuildPhase section */

/* Begin PBXGroup section */
		60BD68270381457E0E9BECB0 /* Frameworks */ = {
			isa = PBXGroup;
			children = (
				07EE0D74B6FBE95F7CF71C60 /* Pods_SpiderGroupTestTask.framework */,
			);
			name = Frameworks;
			sourceTree = "<group>";
		};
		9461535A2243CA590080B0B7 /* Entities */ = {
			isa = PBXGroup;
			children = (
				9461537C2243F9CF0080B0B7 /* GalleryResponse.swift */,
				9461537E2243FADA0080B0B7 /* Image.swift */,
				946153802245031C0080B0B7 /* GallerysItem.swift */,
			);
			path = Entities;
			sourceTree = "<group>";
		};
		9461535B2243D5800080B0B7 /* Network */ = {
			isa = PBXGroup;
			children = (
				9461535C2243D5800080B0B7 /* ErrorParser.swift */,
				946153692243D9180080B0B7 /* ErrorParserImpl.swift */,
				9461535D2243D5800080B0B7 /* NetworkService.swift */,
				9461535E2243D5800080B0B7 /* NetworkServiceImpl.swift */,
				9461535F2243D5800080B0B7 /* RequestRouter.swift */,
				9461537A2243E9EF0080B0B7 /* RequestRouterEncoding.swift */,
			);
			path = Network;
			sourceTree = "<group>";
		};
		946153662243D5E00080B0B7 /* AppError */ = {
			isa = PBXGroup;
			children = (
				946153672243D5E00080B0B7 /* NetworkError.swift */,
			);
			path = AppError;
			sourceTree = "<group>";
		};
		9461536B2243DE340080B0B7 /* Assembly */ = {
			isa = PBXGroup;
			children = (
				9461536E2243DE340080B0B7 /* NetworkServiceFactory.swift */,
				94ACCDF42246009600737863 /* GalleryViewControllerFactory.swift */,
			);
			path = Assembly;
			sourceTree = "<group>";
		};
		946153762243E7DB0080B0B7 /* Network */ = {
			isa = PBXGroup;
			children = (
				94615382224509420080B0B7 /* Services */,
				946153772243E8390080B0B7 /* Requests */,
			);
			path = Network;
			sourceTree = "<group>";
		};
		946153772243E8390080B0B7 /* Requests */ = {
			isa = PBXGroup;
			children = (
				946153782243E8CF0080B0B7 /* GalleryRequest.swift */,
			);
			path = Requests;
			sourceTree = "<group>";
		};
		94615382224509420080B0B7 /* Services */ = {
			isa = PBXGroup;
			children = (
				94615383224509990080B0B7 /* GalleryService.swift */,
			);
			path = Services;
			sourceTree = "<group>";
		};
		94AA61662242855F007C5599 = {
			isa = PBXGroup;
			children = (
				94F685FD2242AD3000D210AB /* Default-568h@2x.png */,
				94AA61712242855F007C5599 /* SpiderGroupTestTask */,
				94AA61702242855F007C5599 /* Products */,
				B8157E45EF9DE438574BCF95 /* Pods */,
				60BD68270381457E0E9BECB0 /* Frameworks */,
			);
			sourceTree = "<group>";
		};
		94AA61702242855F007C5599 /* Products */ = {
			isa = PBXGroup;
			children = (
				94AA616F2242855F007C5599 /* SpiderGroupTestTask.app */,
			);
			name = Products;
			sourceTree = "<group>";
		};
		94AA61712242855F007C5599 /* SpiderGroupTestTask */ = {
			isa = PBXGroup;
			children = (
				94F685F62242A78F00D210AB /* App */,
				94F685F82242A7C300D210AB /* Core */,
				94F685F72242A7A600D210AB /* Environment */,
				94F685F92242A7CD00D210AB /* Resources */,
			);
			path = SpiderGroupTestTask;
			sourceTree = "<group>";
		};
		94ACCDF32245FC3200737863 /* Gallery */ = {
			isa = PBXGroup;
			children = (
				94ACCDED2245F59F00737863 /* GalleryViewController.swift */,
				94ACCDEF2245F65700737863 /* GalleryCollectionView.swift */,
				94ACCDF12245FC2800737863 /* GalleryCollectionViewCell.swift */,
				94ACCDFC2246589900737863 /* GalleryCollectionViewCell.xib */,
			);
			path = Gallery;
			sourceTree = "<group>";
		};
		94F685F62242A78F00D210AB /* App */ = {
			isa = PBXGroup;
			children = (
				94F685FC2242A85B00D210AB /* AppDelegate */,
				9461536B2243DE340080B0B7 /* Assembly */,
				94F685FA2242A7EF00D210AB /* BussinessLogic */,
				94ACCDFA2246131400737863 /* Page.swift */,
				9461535A2243CA590080B0B7 /* Entities */,
				94F685FB2242A84700D210AB /* Flows */,
			);
			path = App;
			sourceTree = "<group>";
		};
		94F685F72242A7A600D210AB /* Environment */ = {
			isa = PBXGroup;
			children = (
				94AA617E22428561007C5599 /* Info.plist */,
				946153582243C87F0080B0B7 /* Configuration.swift */,
			);
			path = Environment;
			sourceTree = "<group>";
		};
		94F685F82242A7C300D210AB /* Core */ = {
			isa = PBXGroup;
			children = (
				946153662243D5E00080B0B7 /* AppError */,
				9461535B2243D5800080B0B7 /* Network */,
			);
			path = Core;
			sourceTree = "<group>";
		};
		94F685F92242A7CD00D210AB /* Resources */ = {
			isa = PBXGroup;
			children = (
				94AA617B22428561007C5599 /* LaunchScreen.storyboard */,
				94AA617922428561007C5599 /* Assets.xcassets */,
			);
			path = Resources;
			sourceTree = "<group>";
		};
		94F685FA2242A7EF00D210AB /* BussinessLogic */ = {
			isa = PBXGroup;
			children = (
				946153762243E7DB0080B0B7 /* Network */,
			);
			path = BussinessLogic;
			sourceTree = "<group>";
		};
		94F685FB2242A84700D210AB /* Flows */ = {
			isa = PBXGroup;
			children = (
				94ACCDF32245FC3200737863 /* Gallery */,
			);
			path = Flows;
			sourceTree = "<group>";
		};
		94F685FC2242A85B00D210AB /* AppDelegate */ = {
			isa = PBXGroup;
			children = (
				94AA61722242855F007C5599 /* AppDelegate.swift */,
			);
			path = AppDelegate;
			sourceTree = "<group>";
		};
		B8157E45EF9DE438574BCF95 /* Pods */ = {
			isa = PBXGroup;
			children = (
				CC653F7E63B1AFAFA17AB41C /* Pods-SpiderGroupTestTask.debug.xcconfig */,
				1061280AEC78F79D0232A54C /* Pods-SpiderGroupTestTask.release.xcconfig */,
			);
			name = Pods;
			sourceTree = "<group>";
		};
/* End PBXGroup section */

/* Begin PBXNativeTarget section */
		94AA616E2242855F007C5599 /* SpiderGroupTestTask */ = {
			isa = PBXNativeTarget;
			buildConfigurationList = 94AA618122428561007C5599 /* Build configuration list for PBXNativeTarget "SpiderGroupTestTask" */;
			buildPhases = (
				ECC74BF1162C7E8F866F9B37 /* [CP] Check Pods Manifest.lock */,
				94AA616B2242855F007C5599 /* Sources */,
				94AA616C2242855F007C5599 /* Frameworks */,
				94AA616D2242855F007C5599 /* Resources */,
				4432E996D30C3445EAF38D45 /* [CP] Embed Pods Frameworks */,
			);
			buildRules = (
			);
			dependencies = (
			);
			name = SpiderGroupTestTask;
			productName = SpiderGroupTestTask;
			productReference = 94AA616F2242855F007C5599 /* SpiderGroupTestTask.app */;
			productType = "com.apple.product-type.application";
		};
/* End PBXNativeTarget section */

/* Begin PBXProject section */
		94AA61672242855F007C5599 /* Project object */ = {
			isa = PBXProject;
			attributes = {
				LastSwiftUpdateCheck = 1010;
				LastUpgradeCheck = 1010;
				ORGANIZATIONNAME = "Maxim Tolstikov";
				TargetAttributes = {
					94AA616E2242855F007C5599 = {
						CreatedOnToolsVersion = 10.1;
					};
				};
			};
			buildConfigurationList = 94AA616A2242855F007C5599 /* Build configuration list for PBXProject "SpiderGroupTestTask" */;
			compatibilityVersion = "Xcode 9.3";
			developmentRegion = en;
			hasScannedForEncodings = 0;
			knownRegions = (
				en,
				Base,
			);
			mainGroup = 94AA61662242855F007C5599;
			productRefGroup = 94AA61702242855F007C5599 /* Products */;
			projectDirPath = "";
			projectRoot = "";
			targets = (
				94AA616E2242855F007C5599 /* SpiderGroupTestTask */,
			);
		};
/* End PBXProject section */

/* Begin PBXResourcesBuildPhase section */
		94AA616D2242855F007C5599 /* Resources */ = {
			isa = PBXResourcesBuildPhase;
			buildActionMask = 2147483647;
			files = (
				94ACCDFD2246589900737863 /* GalleryCollectionViewCell.xib in Resources */,
				94AA617D22428561007C5599 /* LaunchScreen.storyboard in Resources */,
				94AA617A22428561007C5599 /* Assets.xcassets in Resources */,
				94F685FE2242AD3000D210AB /* Default-568h@2x.png in Resources */,
			);
			runOnlyForDeploymentPostprocessing = 0;
		};
/* End PBXResourcesBuildPhase section */

/* Begin PBXShellScriptBuildPhase section */
		4432E996D30C3445EAF38D45 /* [CP] Embed Pods Frameworks */ = {
			isa = PBXShellScriptBuildPhase;
			buildActionMask = 2147483647;
			files = (
			);
			inputPaths = (
				"${SRCROOT}/Pods/Target Support Files/Pods-SpiderGroupTestTask/Pods-SpiderGroupTestTask-frameworks.sh",
				"${BUILT_PRODUCTS_DIR}/Alamofire/Alamofire.framework",
				"${BUILT_PRODUCTS_DIR}/AlamofireImage/AlamofireImage.framework",
			);
			name = "[CP] Embed Pods Frameworks";
			outputPaths = (
				"${TARGET_BUILD_DIR}/${FRAMEWORKS_FOLDER_PATH}/Alamofire.framework",
				"${TARGET_BUILD_DIR}/${FRAMEWORKS_FOLDER_PATH}/AlamofireImage.framework",
			);
			runOnlyForDeploymentPostprocessing = 0;
			shellPath = /bin/sh;
			shellScript = "\"${SRCROOT}/Pods/Target Support Files/Pods-SpiderGroupTestTask/Pods-SpiderGroupTestTask-frameworks.sh\"\n";
			showEnvVarsInLog = 0;
		};
		ECC74BF1162C7E8F866F9B37 /* [CP] Check Pods Manifest.lock */ = {
			isa = PBXShellScriptBuildPhase;
			buildActionMask = 2147483647;
			files = (
			);
			inputPaths = (
				"${PODS_PODFILE_DIR_PATH}/Podfile.lock",
				"${PODS_ROOT}/Manifest.lock",
			);
			name = "[CP] Check Pods Manifest.lock";
			outputPaths = (
				"$(DERIVED_FILE_DIR)/Pods-SpiderGroupTestTask-checkManifestLockResult.txt",
			);
			runOnlyForDeploymentPostprocessing = 0;
			shellPath = /bin/sh;
			shellScript = "diff \"${PODS_PODFILE_DIR_PATH}/Podfile.lock\" \"${PODS_ROOT}/Manifest.lock\" > /dev/null\nif [ $? != 0 ] ; then\n    # print error to STDERR\n    echo \"error: The sandbox is not in sync with the Podfile.lock. Run 'pod install' or update your CocoaPods installation.\" >&2\n    exit 1\nfi\n# This output is used by Xcode 'outputs' to avoid re-running this script phase.\necho \"SUCCESS\" > \"${SCRIPT_OUTPUT_FILE_0}\"\n";
			showEnvVarsInLog = 0;
		};
/* End PBXShellScriptBuildPhase section */

/* Begin PBXSourcesBuildPhase section */
		94AA616B2242855F007C5599 /* Sources */ = {
			isa = PBXSourcesBuildPhase;
			buildActionMask = 2147483647;
			files = (
				946153592243C87F0080B0B7 /* Configuration.swift in Sources */,
				9461536A2243D9180080B0B7 /* ErrorParserImpl.swift in Sources */,
				94ACCDF02245F65700737863 /* GalleryCollectionView.swift in Sources */,
				946153682243D5E00080B0B7 /* NetworkError.swift in Sources */,
				946153602243D5800080B0B7 /* ErrorParser.swift in Sources */,
				94ACCDFB2246131400737863 /* Page.swift in Sources */,
				946153612243D5800080B0B7 /* NetworkService.swift in Sources */,
				94ACCDEE2245F59F00737863 /* GalleryViewController.swift in Sources */,
				94ACCDF22245FC2800737863 /* GalleryCollectionViewCell.swift in Sources */,
				94615384224509990080B0B7 /* GalleryService.swift in Sources */,
				94ACCDF52246009600737863 /* GalleryViewControllerFactory.swift in Sources */,
				946153632243D5800080B0B7 /* RequestRouter.swift in Sources */,
				9461537F2243FADA0080B0B7 /* Image.swift in Sources */,
				946153812245031C0080B0B7 /* GallerysItem.swift in Sources */,
				946153722243DE340080B0B7 /* NetworkServiceFactory.swift in Sources */,
				946153622243D5800080B0B7 /* NetworkServiceImpl.swift in Sources */,
				94AA61732242855F007C5599 /* AppDelegate.swift in Sources */,
				946153792243E8CF0080B0B7 /* GalleryRequest.swift in Sources */,
				9461537D2243F9CF0080B0B7 /* GalleryResponse.swift in Sources */,
				9461537B2243E9EF0080B0B7 /* RequestRouterEncoding.swift in Sources */,
			);
			runOnlyForDeploymentPostprocessing = 0;
		};
/* End PBXSourcesBuildPhase section */

/* Begin PBXVariantGroup section */
		94AA617B22428561007C5599 /* LaunchScreen.storyboard */ = {
			isa = PBXVariantGroup;
			children = (
				94ACCDF82246105400737863 /* Base */,
			);
			name = LaunchScreen.storyboard;
			sourceTree = "<group>";
		};
/* End PBXVariantGroup section */

/* Begin XCBuildConfiguration section */
		94AA617F22428561007C5599 /* Debug */ = {
			isa = XCBuildConfiguration;
			buildSettings = {
				ALWAYS_SEARCH_USER_PATHS = NO;
				CLANG_ANALYZER_LOCALIZABILITY_NONLOCALIZED = YES;
				CLANG_ANALYZER_NONNULL = YES;
				CLANG_ANALYZER_NUMBER_OBJECT_CONVERSION = YES_AGGRESSIVE;
				CLANG_CXX_LANGUAGE_STANDARD = "gnu++14";
				CLANG_CXX_LIBRARY = "libc++";
				CLANG_ENABLE_MODULES = YES;
				CLANG_ENABLE_OBJC_ARC = YES;
				CLANG_ENABLE_OBJC_WEAK = YES;
				CLANG_WARN_BLOCK_CAPTURE_AUTORELEASING = YES;
				CLANG_WARN_BOOL_CONVERSION = YES;
				CLANG_WARN_COMMA = YES;
				CLANG_WARN_CONSTANT_CONVERSION = YES;
				CLANG_WARN_DEPRECATED_OBJC_IMPLEMENTATIONS = YES;
				CLANG_WARN_DIRECT_OBJC_ISA_USAGE = YES_ERROR;
				CLANG_WARN_DOCUMENTATION_COMMENTS = YES;
				CLANG_WARN_EMPTY_BODY = YES;
				CLANG_WARN_ENUM_CONVERSION = YES;
				CLANG_WARN_INFINITE_RECURSION = YES;
				CLANG_WARN_INT_CONVERSION = YES;
				CLANG_WARN_NON_LITERAL_NULL_CONVERSION = YES;
				CLANG_WARN_OBJC_IMPLICIT_RETAIN_SELF = YES;
				CLANG_WARN_OBJC_LITERAL_CONVERSION = YES;
				CLANG_WARN_OBJC_ROOT_CLASS = YES_ERROR;
				CLANG_WARN_RANGE_LOOP_ANALYSIS = YES;
				CLANG_WARN_STRICT_PROTOTYPES = YES;
				CLANG_WARN_SUSPICIOUS_MOVE = YES;
				CLANG_WARN_UNGUARDED_AVAILABILITY = YES_AGGRESSIVE;
				CLANG_WARN_UNREACHABLE_CODE = YES;
				CLANG_WARN__DUPLICATE_METHOD_MATCH = YES;
				CODE_SIGN_IDENTITY = "iPhone Developer";
				COPY_PHASE_STRIP = NO;
				DEBUG_INFORMATION_FORMAT = dwarf;
				ENABLE_STRICT_OBJC_MSGSEND = YES;
				ENABLE_TESTABILITY = YES;
				GCC_C_LANGUAGE_STANDARD = gnu11;
				GCC_DYNAMIC_NO_PIC = NO;
				GCC_NO_COMMON_BLOCKS = YES;
				GCC_OPTIMIZATION_LEVEL = 0;
				GCC_PREPROCESSOR_DEFINITIONS = (
					"DEBUG=1",
					"$(inherited)",
				);
				GCC_WARN_64_TO_32_BIT_CONVERSION = YES;
				GCC_WARN_ABOUT_RETURN_TYPE = YES_ERROR;
				GCC_WARN_UNDECLARED_SELECTOR = YES;
				GCC_WARN_UNINITIALIZED_AUTOS = YES_AGGRESSIVE;
				GCC_WARN_UNUSED_FUNCTION = YES;
				GCC_WARN_UNUSED_VARIABLE = YES;
				IPHONEOS_DEPLOYMENT_TARGET = 12.1;
				MTL_ENABLE_DEBUG_INFO = INCLUDE_SOURCE;
				MTL_FAST_MATH = YES;
				ONLY_ACTIVE_ARCH = YES;
				SDKROOT = iphoneos;
				SWIFT_ACTIVE_COMPILATION_CONDITIONS = DEBUG;
				SWIFT_OPTIMIZATION_LEVEL = "-Onone";
			};
			name = Debug;
		};
		94AA618022428561007C5599 /* Release */ = {
			isa = XCBuildConfiguration;
			buildSettings = {
				ALWAYS_SEARCH_USER_PATHS = NO;
				CLANG_ANALYZER_LOCALIZABILITY_NONLOCALIZED = YES;
				CLANG_ANALYZER_NONNULL = YES;
				CLANG_ANALYZER_NUMBER_OBJECT_CONVERSION = YES_AGGRESSIVE;
				CLANG_CXX_LANGUAGE_STANDARD = "gnu++14";
				CLANG_CXX_LIBRARY = "libc++";
				CLANG_ENABLE_MODULES = YES;
				CLANG_ENABLE_OBJC_ARC = YES;
				CLANG_ENABLE_OBJC_WEAK = YES;
				CLANG_WARN_BLOCK_CAPTURE_AUTORELEASING = YES;
				CLANG_WARN_BOOL_CONVERSION = YES;
				CLANG_WARN_COMMA = YES;
				CLANG_WARN_CONSTANT_CONVERSION = YES;
				CLANG_WARN_DEPRECATED_OBJC_IMPLEMENTATIONS = YES;
				CLANG_WARN_DIRECT_OBJC_ISA_USAGE = YES_ERROR;
				CLANG_WARN_DOCUMENTATION_COMMENTS = YES;
				CLANG_WARN_EMPTY_BODY = YES;
				CLANG_WARN_ENUM_CONVERSION = YES;
				CLANG_WARN_INFINITE_RECURSION = YES;
				CLANG_WARN_INT_CONVERSION = YES;
				CLANG_WARN_NON_LITERAL_NULL_CONVERSION = YES;
				CLANG_WARN_OBJC_IMPLICIT_RETAIN_SELF = YES;
				CLANG_WARN_OBJC_LITERAL_CONVERSION = YES;
				CLANG_WARN_OBJC_ROOT_CLASS = YES_ERROR;
				CLANG_WARN_RANGE_LOOP_ANALYSIS = YES;
				CLANG_WARN_STRICT_PROTOTYPES = YES;
				CLANG_WARN_SUSPICIOUS_MOVE = YES;
				CLANG_WARN_UNGUARDED_AVAILABILITY = YES_AGGRESSIVE;
				CLANG_WARN_UNREACHABLE_CODE = YES;
				CLANG_WARN__DUPLICATE_METHOD_MATCH = YES;
				CODE_SIGN_IDENTITY = "iPhone Developer";
				COPY_PHASE_STRIP = NO;
				DEBUG_INFORMATION_FORMAT = "dwarf-with-dsym";
				ENABLE_NS_ASSERTIONS = NO;
				ENABLE_STRICT_OBJC_MSGSEND = YES;
				GCC_C_LANGUAGE_STANDARD = gnu11;
				GCC_NO_COMMON_BLOCKS = YES;
				GCC_WARN_64_TO_32_BIT_CONVERSION = YES;
				GCC_WARN_ABOUT_RETURN_TYPE = YES_ERROR;
				GCC_WARN_UNDECLARED_SELECTOR = YES;
				GCC_WARN_UNINITIALIZED_AUTOS = YES_AGGRESSIVE;
				GCC_WARN_UNUSED_FUNCTION = YES;
				GCC_WARN_UNUSED_VARIABLE = YES;
				IPHONEOS_DEPLOYMENT_TARGET = 12.1;
				MTL_ENABLE_DEBUG_INFO = NO;
				MTL_FAST_MATH = YES;
				SDKROOT = iphoneos;
				SWIFT_COMPILATION_MODE = wholemodule;
				SWIFT_OPTIMIZATION_LEVEL = "-O";
				VALIDATE_PRODUCT = YES;
			};
			name = Release;
		};
		94AA618222428561007C5599 /* Debug */ = {
			isa = XCBuildConfiguration;
			baseConfigurationReference = CC653F7E63B1AFAFA17AB41C /* Pods-SpiderGroupTestTask.debug.xcconfig */;
			buildSettings = {
				ASSETCATALOG_COMPILER_APPICON_NAME = AppIcon;
				CODE_SIGN_STYLE = Automatic;
				DEVELOPMENT_TEAM = X37P9Q6XJN;
				INFOPLIST_FILE = "$(SRCROOT)/SpiderGroupTestTask/Environment/Info.plist";
				LD_RUNPATH_SEARCH_PATHS = (
					"$(inherited)",
					"@executable_path/Frameworks",
				);
				PRODUCT_BUNDLE_IDENTIFIER = org.hopto.tolstikov.SpiderGroupTestTask;
				PRODUCT_NAME = "$(TARGET_NAME)";
				SWIFT_VERSION = 4.2;
				TARGETED_DEVICE_FAMILY = 1;
			};
			name = Debug;
		};
		94AA618322428561007C5599 /* Release */ = {
			isa = XCBuildConfiguration;
			baseConfigurationReference = 1061280AEC78F79D0232A54C /* Pods-SpiderGroupTestTask.release.xcconfig */;
			buildSettings = {
				ASSETCATALOG_COMPILER_APPICON_NAME = AppIcon;
				CODE_SIGN_STYLE = Automatic;
				DEVELOPMENT_TEAM = X37P9Q6XJN;
				INFOPLIST_FILE = "$(SRCROOT)/SpiderGroupTestTask/Environment/Info.plist";
				LD_RUNPATH_SEARCH_PATHS = (
					"$(inherited)",
					"@executable_path/Frameworks",
				);
				PRODUCT_BUNDLE_IDENTIFIER = org.hopto.tolstikov.SpiderGroupTestTask;
				PRODUCT_NAME = "$(TARGET_NAME)";
				SWIFT_VERSION = 4.2;
				TARGETED_DEVICE_FAMILY = 1;
			};
			name = Release;
		};
/* End XCBuildConfiguration section */

/* Begin XCConfigurationList section */
		94AA616A2242855F007C5599 /* Build configuration list for PBXProject "SpiderGroupTestTask" */ = {
			isa = XCConfigurationList;
			buildConfigurations = (
				94AA617F22428561007C5599 /* Debug */,
				94AA618022428561007C5599 /* Release */,
			);
			defaultConfigurationIsVisible = 0;
			defaultConfigurationName = Release;
		};
		94AA618122428561007C5599 /* Build configuration list for PBXNativeTarget "SpiderGroupTestTask" */ = {
			isa = XCConfigurationList;
			buildConfigurations = (
				94AA618222428561007C5599 /* Debug */,
				94AA618322428561007C5599 /* Release */,
			);
			defaultConfigurationIsVisible = 0;
			defaultConfigurationName = Release;
		};
/* End XCConfigurationList section */
	};
	rootObject = 94AA61672242855F007C5599 /* Project object */;
}
